
Microsoft Visual Studio Solution File, Format Version 12.00
# Visual Studio 15
VisualStudioVersion = 15.0.28307.757
MinimumVisualStudioVersion = 10.0.40219.1
Project("{FAE04EC0-301F-11D3-BF4B-00C04F79EFBC}") = "cotacao", "cotacao\cotacao.csproj", "{1C0367F2-B57D-40CC-8AFB-3F897F2C48BF}"
EndProject
Global
	GlobalSection(SolutionConfigurationPlatforms) = preSolution
		Debug|Any CPU = Debug|Any CPU
		Release|Any CPU = Release|Any CPU
	EndGlobalSection
	GlobalSection(ProjectConfigurationPlatforms) = postSolution
		{1C0367F2-B57D-40CC-8AFB-3F897F2C48BF}.Debug|Any CPU.ActiveCfg = Debug|Any CPU
		{1C0367F2-B57D-40CC-8AFB-3F897F2C48BF}.Debug|Any CPU.Build.0 = Debug|Any CPU
		{1C0367F2-B57D-40CC-8AFB-3F897F2C48BF}.Release|Any CPU.ActiveCfg = Release|Any CPU
		{1C0367F2-B57D-40CC-8AFB-3F897F2C48BF}.Release|Any CPU.Build.0 = Release|Any CPU
	EndGlobalSection
	GlobalSection(SolutionProperties) = preSolution
		HideSolutionNode = FALSE
	EndGlobalSection
	GlobalSection(ExtensibilityGlobals) = postSolution
		SolutionGuid = {ACFD7119-2744-40E4-A3EC-1758EA7F5B78}
	EndGlobalSection
EndGlobal
